# THIS IS AN AUTOGENERATED FILE. DO NOT EDIT THIS FILE DIRECTLY.
# yarn lockfile v1


"@moovel/yolo@^0.2.0":
  version "0.2.0"
  resolved "https://registry.yarnpkg.com/@moovel/yolo/-/yolo-0.2.0.tgz#dfd06a5581474cdb5460fba23536f45f91416036"
  integrity sha512-Pzam8KIgJF2pJ3HQD6GF4CQKyBDm/IAPV4IauhAR98MuyvQrc5ko2V1b/LbtFyc8E7qJ6fxT7l81IxEsdtCaWA==
  dependencies:
    bindings "~1.2.1"
    nan "^2.0.0"

bindings@~1.2.1:
  version "1.2.1"
  resolved "https://registry.yarnpkg.com/bindings/-/bindings-1.2.1.tgz#14ad6113812d2d37d72e67b4cacb4bb726505f11"
  integrity sha1-FK1hE4EtLTfXLme0ystLtyZQXxE=

nan@^2.0.0:
  version "2.12.1"
  resolved "https://registry.yarnpkg.com/nan/-/nan-2.12.1.tgz#7b1aa193e9aa86057e3c7bbd0ac448e770925552"
  integrity sha512-JY7V6lRkStKcKTvHO5NVSQRv+RV+FIL5pvDoLiAtSL9pKlC5x9PKQcZDsq7m4FO4d57mkhC6Z+QhAh3Jdk5JFw==
